# This file is @generated by PDM.
# It is not intended for manual editing.

[metadata]
groups = ["default"]
strategy = ["inherit_metadata"]
lock_version = "4.5.0"
content_hash = "sha256:e88555374e2a60604d55f496ee398447742478c0bc1244d501046331421eea5f"

[[metadata.targets]]
requires_python = ">=3.14"

[[package]]
name = "asgiref"
version = "3.9.2"
requires_python = ">=3.9"
summary = "ASGI specs, helper code, and adapters"
groups = ["default"]
dependencies = [
    "typing-extensions>=4; python_version < \"3.11\"",
]
files = [
    {file = "asgiref-3.9.2-py3-none-any.whl", hash = "sha256:0b61526596219d70396548fc003635056856dba5d0d086f86476f10b33c75960"},
    {file = "asgiref-3.9.2.tar.gz", hash = "sha256:a0249afacb66688ef258ffe503528360443e2b9a8d8c4581b6ebefa58c841ef1"},
]

[[package]]
name = "attrs"
version = "25.3.0"
requires_python = ">=3.8"
summary = "Classes Without Boilerplate"
groups = ["default"]
files = [
    {file = "attrs-25.3.0-py3-none-any.whl", hash = "sha256:427318ce031701fea540783410126f03899a97ffc6f61596ad581ac2e40e3bc3"},
    {file = "attrs-25.3.0.tar.gz", hash = "sha256:75d7cefc7fb576747b2c81b4442d4d4a1ce0900973527c011d1030fd3bf4af1b"},
]

[[package]]
name = "babel"
version = "2.17.0"
requires_python = ">=3.8"
summary = "Internationalization utilities"
groups = ["default"]
dependencies = [
    "pytz>=2015.7; python_version < \"3.9\"",
]
files = [
    {file = "babel-2.17.0-py3-none-any.whl", hash = "sha256:4d0b53093fdfb4b21c92b5213dba5a1b23885afa8383709427046b21c366e5f2"},
    {file = "babel-2.17.0.tar.gz", hash = "sha256:0c54cffb19f690cdcc52a3b50bcbf71e07a808d1c80d549f2459b9d2cf0afb9d"},
]

[[package]]
name = "certifi"
version = "2025.8.3"
requires_python = ">=3.7"
summary = "Python package for providing Mozilla's CA Bundle."
groups = ["default"]
files = [
    {file = "certifi-2025.8.3-py3-none-any.whl", hash = "sha256:f6c12493cfb1b06ba2ff328595af9350c65d6644968e5d3a2ffd78699af217a5"},
    {file = "certifi-2025.8.3.tar.gz", hash = "sha256:e564105f78ded564e3ae7c923924435e1daa7463faeab5bb932bc53ffae63407"},
]

[[package]]
name = "cffi"
version = "2.0.0"
requires_python = ">=3.9"
summary = "Foreign Function Interface for Python calling C code."
groups = ["default"]
dependencies = [
    "pycparser; implementation_name != \"PyPy\"",
]
files = [
    {file = "cffi-2.0.0-cp314-cp314-macosx_10_13_x86_64.whl", hash = "sha256:fc33c5141b55ed366cfaad382df24fe7dcbc686de5be719b207bb248e3053dc5"},
    {file = "cffi-2.0.0-cp314-cp314-macosx_11_0_arm64.whl", hash = "sha256:c654de545946e0db659b3400168c9ad31b5d29593291482c43e3564effbcee13"},
    {file = "cffi-2.0.0-cp314-cp314-manylinux2014_aarch64.manylinux_2_17_aarch64.whl", hash = "sha256:24b6f81f1983e6df8db3adc38562c83f7d4a0c36162885ec7f7b77c7dcbec97b"},
    {file = "cffi-2.0.0-cp314-cp314-manylinux2014_ppc64le.manylinux_2_17_ppc64le.whl", hash = "sha256:12873ca6cb9b0f0d3a0da705d6086fe911591737a59f28b7936bdfed27c0d47c"},
    {file = "cffi-2.0.0-cp314-cp314-manylinux2014_s390x.manylinux_2_17_s390x.whl", hash = "sha256:d9b97165e8aed9272a6bb17c01e3cc5871a594a446ebedc996e2397a1c1ea8ef"},
    {file = "cffi-2.0.0-cp314-cp314-manylinux2014_x86_64.manylinux_2_17_x86_64.whl", hash = "sha256:afb8db5439b81cf9c9d0c80404b60c3cc9c3add93e114dcae767f1477cb53775"},
    {file = "cffi-2.0.0-cp314-cp314-musllinux_1_2_aarch64.whl", hash = "sha256:737fe7d37e1a1bffe70bd5754ea763a62a066dc5913ca57e957824b72a85e205"},
    {file = "cffi-2.0.0-cp314-cp314-musllinux_1_2_x86_64.whl", hash = "sha256:38100abb9d1b1435bc4cc340bb4489635dc2f0da7456590877030c9b3d40b0c1"},
    {file = "cffi-2.0.0-cp314-cp314-win32.whl", hash = "sha256:087067fa8953339c723661eda6b54bc98c5625757ea62e95eb4898ad5e776e9f"},
    {file = "cffi-2.0.0-cp314-cp314-win_amd64.whl", hash = "sha256:203a48d1fb583fc7d78a4c6655692963b860a417c0528492a6bc21f1aaefab25"},
    {file = "cffi-2.0.0-cp314-cp314-win_arm64.whl", hash = "sha256:dbd5c7a25a7cb98f5ca55d258b103a2054f859a46ae11aaf23134f9cc0d356ad"},
    {file = "cffi-2.0.0-cp314-cp314t-macosx_10_13_x86_64.whl", hash = "sha256:9a67fc9e8eb39039280526379fb3a70023d77caec1852002b4da7e8b270c4dd9"},
    {file = "cffi-2.0.0-cp314-cp314t-macosx_11_0_arm64.whl", hash = "sha256:7a66c7204d8869299919db4d5069a82f1561581af12b11b3c9f48c584eb8743d"},
    {file = "cffi-2.0.0-cp314-cp314t-manylinux2014_aarch64.manylinux_2_17_aarch64.whl", hash = "sha256:7cc09976e8b56f8cebd752f7113ad07752461f48a58cbba644139015ac24954c"},
    {file = "cffi-2.0.0-cp314-cp314t-manylinux2014_ppc64le.manylinux_2_17_ppc64le.whl", hash = "sha256:92b68146a71df78564e4ef48af17551a5ddd142e5190cdf2c5624d0c3ff5b2e8"},
    {file = "cffi-2.0.0-cp314-cp314t-manylinux2014_s390x.manylinux_2_17_s390x.whl", hash = "sha256:b1e74d11748e7e98e2f426ab176d4ed720a64412b6a15054378afdb71e0f37dc"},
    {file = "cffi-2.0.0-cp314-cp314t-manylinux2014_x86_64.manylinux_2_17_x86_64.whl", hash = "sha256:28a3a209b96630bca57cce802da70c266eb08c6e97e5afd61a75611ee6c64592"},
    {file = "cffi-2.0.0-cp314-cp314t-musllinux_1_2_aarch64.whl", hash = "sha256:7553fb2090d71822f02c629afe6042c299edf91ba1bf94951165613553984512"},
    {file = "cffi-2.0.0-cp314-cp314t-musllinux_1_2_x86_64.whl", hash = "sha256:6c6c373cfc5c83a975506110d17457138c8c63016b563cc9ed6e056a82f13ce4"},
    {file = "cffi-2.0.0-cp314-cp314t-win32.whl", hash = "sha256:1fc9ea04857caf665289b7a75923f2c6ed559b8298a1b8c49e59f7dd95c8481e"},
    {file = "cffi-2.0.0-cp314-cp314t-win_amd64.whl", hash = "sha256:d68b6cef7827e8641e8ef16f4494edda8b36104d79773a334beaa1e3521430f6"},
    {file = "cffi-2.0.0-cp314-cp314t-win_arm64.whl", hash = "sha256:0a1527a803f0a659de1af2e1fd700213caba79377e27e4693648c2923da066f9"},
    {file = "cffi-2.0.0.tar.gz", hash = "sha256:44d1b5909021139fe36001ae048dbdde8214afa20200eda0f64c068cac5d5529"},
]

[[package]]
name = "charset-normalizer"
version = "3.4.3"
requires_python = ">=3.7"
summary = "The Real First Universal Charset Detector. Open, modern and actively maintained alternative to Chardet."
groups = ["default"]
files = [
    {file = "charset_normalizer-3.4.3-cp314-cp314-macosx_10_13_universal2.whl", hash = "sha256:3cd35b7e8aedeb9e34c41385fda4f73ba609e561faedfae0a9e75e44ac558a15"},
    {file = "charset_normalizer-3.4.3-cp314-cp314-manylinux2014_aarch64.manylinux_2_17_aarch64.manylinux_2_28_aarch64.whl", hash = "sha256:b89bc04de1d83006373429975f8ef9e7932534b8cc9ca582e4db7d20d91816db"},
    {file = "charset_normalizer-3.4.3-cp314-cp314-manylinux2014_ppc64le.manylinux_2_17_ppc64le.manylinux_2_28_ppc64le.whl", hash = "sha256:2001a39612b241dae17b4687898843f254f8748b796a2e16f1051a17078d991d"},
    {file = "charset_normalizer-3.4.3-cp314-cp314-manylinux2014_s390x.manylinux_2_17_s390x.manylinux_2_28_s390x.whl", hash = "sha256:8dcfc373f888e4fb39a7bc57e93e3b845e7f462dacc008d9749568b1c4ece096"},
    {file = "charset_normalizer-3.4.3-cp314-cp314-manylinux2014_x86_64.manylinux_2_17_x86_64.manylinux_2_28_x86_64.whl", hash = "sha256:18b97b8404387b96cdbd30ad660f6407799126d26a39ca65729162fd810a99aa"},
    {file = "charset_normalizer-3.4.3-cp314-cp314-musllinux_1_2_aarch64.whl", hash = "sha256:ccf600859c183d70eb47e05a44cd80a4ce77394d1ac0f79dbd2dd90a69a3a049"},
    {file = "charset_normalizer-3.4.3-cp314-cp314-musllinux_1_2_ppc64le.whl", hash = "sha256:53cd68b185d98dde4ad8990e56a58dea83a4162161b1ea9272e5c9182ce415e0"},
    {file = "charset_normalizer-3.4.3-cp314-cp314-musllinux_1_2_s390x.whl", hash = "sha256:30a96e1e1f865f78b030d65241c1ee850cdf422d869e9028e2fc1d5e4db73b92"},
    {file = "charset_normalizer-3.4.3-cp314-cp314-musllinux_1_2_x86_64.whl", hash = "sha256:d716a916938e03231e86e43782ca7878fb602a125a91e7acb8b5112e2e96ac16"},
    {file = "charset_normalizer-3.4.3-cp314-cp314-win32.whl", hash = "sha256:c6dbd0ccdda3a2ba7c2ecd9d77b37f3b5831687d8dc1b6ca5f56a4880cc7b7ce"},
    {file = "charset_normalizer-3.4.3-cp314-cp314-win_amd64.whl", hash = "sha256:73dc19b562516fc9bcf6e5d6e596df0b4eb98d87e4f79f3ae71840e6ed21361c"},
    {file = "charset_normalizer-3.4.3-py3-none-any.whl", hash = "sha256:ce571ab16d890d23b5c278547ba694193a45011ff86a9162a71307ed9f86759a"},
    {file = "charset_normalizer-3.4.3.tar.gz", hash = "sha256:6fce4b8500244f6fcb71465d4a4930d132ba9ab8e71a7859e6a5d59851068d14"},
]

[[package]]
name = "cryptography"
version = "46.0.1"
requires_python = "!=3.9.0,!=3.9.1,>=3.8"
summary = "cryptography is a package which provides cryptographic recipes and primitives to Python developers."
groups = ["default"]
dependencies = [
    "cffi>=1.14; python_full_version == \"3.8.*\" and platform_python_implementation != \"PyPy\"",
    "cffi>=2.0.0; python_full_version >= \"3.9\" and platform_python_implementation != \"PyPy\"",
    "typing-extensions>=4.13.2; python_full_version < \"3.11\"",
]
files = [
    {file = "cryptography-46.0.1-cp311-abi3-macosx_10_9_universal2.whl", hash = "sha256:1cd6d50c1a8b79af1a6f703709d8973845f677c8e97b1268f5ff323d38ce8475"},
    {file = "cryptography-46.0.1-cp311-abi3-manylinux2014_aarch64.manylinux_2_17_aarch64.whl", hash = "sha256:0ff483716be32690c14636e54a1f6e2e1b7bf8e22ca50b989f88fa1b2d287080"},
    {file = "cryptography-46.0.1-cp311-abi3-manylinux2014_x86_64.manylinux_2_17_x86_64.whl", hash = "sha256:9873bf7c1f2a6330bdfe8621e7ce64b725784f9f0c3a6a55c3047af5849f920e"},
    {file = "cryptography-46.0.1-cp311-abi3-manylinux_2_28_aarch64.whl", hash = "sha256:0dfb7c88d4462a0cfdd0d87a3c245a7bc3feb59de101f6ff88194f740f72eda6"},
    {file = "cryptography-46.0.1-cp311-abi3-manylinux_2_28_armv7l.manylinux_2_31_armv7l.whl", hash = "sha256:e22801b61613ebdebf7deb18b507919e107547a1d39a3b57f5f855032dd7cfb8"},
    {file = "cryptography-46.0.1-cp311-abi3-manylinux_2_28_ppc64le.whl", hash = "sha256:757af4f6341ce7a1e47c326ca2a81f41d236070217e5fbbad61bbfe299d55d28"},
    {file = "cryptography-46.0.1-cp311-abi3-manylinux_2_28_x86_64.whl", hash = "sha256:f7a24ea78de345cfa7f6a8d3bde8b242c7fac27f2bd78fa23474ca38dfaeeab9"},
    {file = "cryptography-46.0.1-cp311-abi3-manylinux_2_34_aarch64.whl", hash = "sha256:9e8776dac9e660c22241b6587fae51a67b4b0147daa4d176b172c3ff768ad736"},
    {file = "cryptography-46.0.1-cp311-abi3-manylinux_2_34_ppc64le.whl", hash = "sha256:9f40642a140c0c8649987027867242b801486865277cbabc8c6059ddef16dc8b"},
    {file = "cryptography-46.0.1-cp311-abi3-manylinux_2_34_x86_64.whl", hash = "sha256:449ef2b321bec7d97ef2c944173275ebdab78f3abdd005400cc409e27cd159ab"},
    {file = "cryptography-46.0.1-cp311-abi3-musllinux_1_2_aarch64.whl", hash = "sha256:2dd339ba3345b908fa3141ddba4025568fa6fd398eabce3ef72a29ac2d73ad75"},
    {file = "cryptography-46.0.1-cp311-abi3-musllinux_1_2_x86_64.whl", hash = "sha256:7411c910fb2a412053cf33cfad0153ee20d27e256c6c3f14d7d7d1d9fec59fd5"},
    {file = "cryptography-46.0.1-cp311-abi3-win32.whl", hash = "sha256:cbb8e769d4cac884bb28e3ff620ef1001b75588a5c83c9c9f1fdc9afbe7f29b0"},
    {file = "cryptography-46.0.1-cp311-abi3-win_amd64.whl", hash = "sha256:92e8cfe8bd7dd86eac0a677499894862cd5cc2fd74de917daa881d00871ac8e7"},
    {file = "cryptography-46.0.1-cp311-abi3-win_arm64.whl", hash = "sha256:db5597a4c7353b2e5fb05a8e6cb74b56a4658a2b7bf3cb6b1821ae7e7fd6eaa0"},
    {file = "cryptography-46.0.1-cp314-cp314t-macosx_10_9_universal2.whl", hash = "sha256:4c49eda9a23019e11d32a0eb51a27b3e7ddedde91e099c0ac6373e3aacc0d2ee"},
    {file = "cryptography-46.0.1-cp314-cp314t-manylinux2014_aarch64.manylinux_2_17_aarch64.whl", hash = "sha256:9babb7818fdd71394e576cf26c5452df77a355eac1a27ddfa24096665a27f8fd"},
    {file = "cryptography-46.0.1-cp314-cp314t-manylinux2014_x86_64.manylinux_2_17_x86_64.whl", hash = "sha256:9f2c4cc63be3ef43c0221861177cee5d14b505cd4d4599a89e2cd273c4d3542a"},
    {file = "cryptography-46.0.1-cp314-cp314t-manylinux_2_28_aarch64.whl", hash = "sha256:41c281a74df173876da1dc9a9b6953d387f06e3d3ed9284e3baae3ab3f40883a"},
    {file = "cryptography-46.0.1-cp314-cp314t-manylinux_2_28_armv7l.manylinux_2_31_armv7l.whl", hash = "sha256:0a17377fa52563d730248ba1f68185461fff36e8bc75d8787a7dd2e20a802b7a"},
    {file = "cryptography-46.0.1-cp314-cp314t-manylinux_2_28_ppc64le.whl", hash = "sha256:0d1922d9280e08cde90b518a10cd66831f632960a8d08cb3418922d83fce6f12"},
    {file = "cryptography-46.0.1-cp314-cp314t-manylinux_2_28_x86_64.whl", hash = "sha256:af84e8e99f1a82cea149e253014ea9dc89f75b82c87bb6c7242203186f465129"},
    {file = "cryptography-46.0.1-cp314-cp314t-manylinux_2_34_aarch64.whl", hash = "sha256:ef648d2c690703501714588b2ba640facd50fd16548133b11b2859e8655a69da"},
    {file = "cryptography-46.0.1-cp314-cp314t-manylinux_2_34_ppc64le.whl", hash = "sha256:e94eb5fa32a8a9f9bf991f424f002913e3dd7c699ef552db9b14ba6a76a6313b"},
    {file = "cryptography-46.0.1-cp314-cp314t-manylinux_2_34_x86_64.whl", hash = "sha256:534b96c0831855e29fc3b069b085fd185aa5353033631a585d5cd4dd5d40d657"},
    {file = "cryptography-46.0.1-cp314-cp314t-musllinux_1_2_aarch64.whl", hash = "sha256:f9b55038b5c6c47559aa33626d8ecd092f354e23de3c6975e4bb205df128a2a0"},
    {file = "cryptography-46.0.1-cp314-cp314t-musllinux_1_2_x86_64.whl", hash = "sha256:ec13b7105117dbc9afd023300fb9954d72ca855c274fe563e72428ece10191c0"},
    {file = "cryptography-46.0.1-cp314-cp314t-win32.whl", hash = "sha256:504e464944f2c003a0785b81668fe23c06f3b037e9cb9f68a7c672246319f277"},
    {file = "cryptography-46.0.1-cp314-cp314t-win_amd64.whl", hash = "sha256:c52fded6383f7e20eaf70a60aeddd796b3677c3ad2922c801be330db62778e05"},
    {file = "cryptography-46.0.1-cp314-cp314t-win_arm64.whl", hash = "sha256:9495d78f52c804b5ec8878b5b8c7873aa8e63db9cd9ee387ff2db3fffe4df784"},
    {file = "cryptography-46.0.1-cp38-abi3-macosx_10_9_universal2.whl", hash = "sha256:d84c40bdb8674c29fa192373498b6cb1e84f882889d21a471b45d1f868d8d44b"},
    {file = "cryptography-46.0.1-cp38-abi3-manylinux2014_aarch64.manylinux_2_17_aarch64.whl", hash = "sha256:9ed64e5083fa806709e74fc5ea067dfef9090e5b7a2320a49be3c9df3583a2d8"},
    {file = "cryptography-46.0.1-cp38-abi3-manylinux2014_x86_64.manylinux_2_17_x86_64.whl", hash = "sha256:341fb7a26bc9d6093c1b124b9f13acc283d2d51da440b98b55ab3f79f2522ead"},
    {file = "cryptography-46.0.1-cp38-abi3-manylinux_2_28_aarch64.whl", hash = "sha256:6ef1488967e729948d424d09c94753d0167ce59afba8d0f6c07a22b629c557b2"},
    {file = "cryptography-46.0.1-cp38-abi3-manylinux_2_28_armv7l.manylinux_2_31_armv7l.whl", hash = "sha256:7823bc7cdf0b747ecfb096d004cc41573c2f5c7e3a29861603a2871b43d3ef32"},
    {file = "cryptography-46.0.1-cp38-abi3-manylinux_2_28_ppc64le.whl", hash = "sha256:f736ab8036796f5a119ff8211deda416f8c15ce03776db704a7a4e17381cb2ef"},
    {file = "cryptography-46.0.1-cp38-abi3-manylinux_2_28_x86_64.whl", hash = "sha256:e46710a240a41d594953012213ea8ca398cd2448fbc5d0f1be8160b5511104a0"},
    {file = "cryptography-46.0.1-cp38-abi3-manylinux_2_34_aarch64.whl", hash = "sha256:84ef1f145de5aee82ea2447224dc23f065ff4cc5791bb3b506615957a6ba8128"},
    {file = "cryptography-46.0.1-cp38-abi3-manylinux_2_34_ppc64le.whl", hash = "sha256:9394c7d5a7565ac5f7d9ba38b2617448eba384d7b107b262d63890079fad77ca"},
    {file = "cryptography-46.0.1-cp38-abi3-manylinux_2_34_x86_64.whl", hash = "sha256:ed957044e368ed295257ae3d212b95456bd9756df490e1ac4538857f67531fcc"},
    {file = "cryptography-46.0.1-cp38-abi3-musllinux_1_2_aarch64.whl", hash = "sha256:f7de12fa0eee6234de9a9ce0ffcfa6ce97361db7a50b09b65c63ac58e5f22fc7"},
    {file = "cryptography-46.0.1-cp38-abi3-musllinux_1_2_x86_64.whl", hash = "sha256:7fab1187b6c6b2f11a326f33b036f7168f5b996aedd0c059f9738915e4e8f53a"},
    {file = "cryptography-46.0.1-cp38-abi3-win32.whl", hash = "sha256:45f790934ac1018adeba46a0f7289b2b8fe76ba774a88c7f1922213a56c98bc1"},
    {file = "cryptography-46.0.1-cp38-abi3-win_amd64.whl", hash = "sha256:7176a5ab56fac98d706921f6416a05e5aff7df0e4b91516f450f8627cda22af3"},
    {file = "cryptography-46.0.1-cp38-abi3-win_arm64.whl", hash = "sha256:efc9e51c3e595267ff84adf56e9b357db89ab2279d7e375ffcaf8f678606f3d9"},
    {file = "cryptography-46.0.1.tar.gz", hash = "sha256:ed570874e88f213437f5cf758f9ef26cbfc3f336d889b1e592ee11283bb8d1c7"},
]

[[package]]
name = "dj-rest-auth"
version = "7.0.1"
requires_python = ">=3.8"
summary = "Authentication and Registration in Django Rest Framework"
groups = ["default"]
dependencies = [
    "Django<6.0,>=4.2",
    "djangorestframework>=3.13.0",
]
files = [
    {file = "dj-rest-auth-7.0.1.tar.gz", hash = "sha256:3f8c744cbcf05355ff4bcbef0c8a63645da38e29a0fdef3c3332d4aced52fb90"},
]

[[package]]
name = "django"
version = "5.2.6"
requires_python = ">=3.10"
summary = "A high-level Python web framework that encourages rapid development and clean, pragmatic design."
groups = ["default"]
dependencies = [
    "asgiref>=3.8.1",
    "sqlparse>=0.3.1",
    "tzdata; sys_platform == \"win32\"",
]
files = [
    {file = "django-5.2.6-py3-none-any.whl", hash = "sha256:60549579b1174a304b77e24a93d8d9fafe6b6c03ac16311f3e25918ea5a20058"},
    {file = "django-5.2.6.tar.gz", hash = "sha256:da5e00372763193d73cecbf71084a3848458cecf4cee36b9a1e8d318d114a87b"},
]

[[package]]
name = "django-admin-interface"
version = "0.30.1"
summary = "django's default admin interface with superpowers - customizable themes, popup windows replaced by modals and many other features."
groups = ["default"]
dependencies = [
    "django-colorfield<1.0.0,>=0.8.0",
    "python-slugify<9.0.0,>=7.0.0",
]
files = [
    {file = "django_admin_interface-0.30.1-py3-none-any.whl", hash = "sha256:d79c188a06ede968e40ffbc5142bdf4a94ee8707248868173bdac39a34008924"},
    {file = "django_admin_interface-0.30.1.tar.gz", hash = "sha256:55d9c80f6749e8854ba136828c06983bee6ff7b9c10b8887b84c53d301ecb215"},
]

[[package]]
name = "django-allauth"
version = "65.11.2"
requires_python = ">=3.8"
summary = "Integrated set of Django applications addressing authentication, registration, account management as well as 3rd party (social) account authentication."
groups = ["default"]
dependencies = [
    "Django>=4.2.16",
    "asgiref>=3.8.1",
]
files = [
    {file = "django_allauth-65.11.2.tar.gz", hash = "sha256:7b7e771d3384d0e247d0d6aef31b0cb589f92305b7e975e70056a513525906e7"},
]

[[package]]
name = "django-colorfield"
version = "0.14.0"
summary = "color field for django models with a nice color-picker in the admin."
groups = ["default"]
dependencies = [
    "Pillow>=9.0.0",
]
files = [
    {file = "django_colorfield-0.14.0-py3-none-any.whl", hash = "sha256:f169c4e7ad8f336e51d4ea81f866346e7d4f336f3766e54e144cd16ea7d84a0e"},
    {file = "django_colorfield-0.14.0.tar.gz", hash = "sha256:478dbd3975a88f2ea2a9afc325faaca05c54ebf04ec985ce130f6dea39dfb899"},
]

[[package]]
name = "django-cors-headers"
version = "4.9.0"
requires_python = ">=3.9"
summary = "django-cors-headers is a Django application for handling the server headers required for Cross-Origin Resource Sharing (CORS)."
groups = ["default"]
dependencies = [
    "asgiref>=3.6",
    "django>=4.2",
]
files = [
    {file = "django_cors_headers-4.9.0-py3-none-any.whl", hash = "sha256:15c7f20727f90044dcee2216a9fd7303741a864865f0c3657e28b7056f61b449"},
    {file = "django_cors_headers-4.9.0.tar.gz", hash = "sha256:fe5d7cb59fdc2c8c646ce84b727ac2bca8912a247e6e68e1fb507372178e59e8"},
]

[[package]]
name = "django-extensions"
version = "4.1"
requires_python = ">=3.9"
summary = "Extensions for Django"
groups = ["default"]
dependencies = [
    "django>=4.2",
]
files = [
    {file = "django_extensions-4.1-py3-none-any.whl", hash = "sha256:0699a7af28f2523bf8db309a80278519362cd4b6e1fd0a8cd4bf063e1e023336"},
    {file = "django_extensions-4.1.tar.gz", hash = "sha256:7b70a4d28e9b840f44694e3f7feb54f55d495f8b3fa6c5c0e5e12bcb2aa3cdeb"},
]

[[package]]
name = "django-filter"
version = "25.1"
requires_python = ">=3.9"
summary = "Django-filter is a reusable Django application for allowing users to filter querysets dynamically."
groups = ["default"]
dependencies = [
    "Django>=4.2",
]
files = [
    {file = "django_filter-25.1-py3-none-any.whl", hash = "sha256:4fa48677cf5857b9b1347fed23e355ea792464e0fe07244d1fdfb8a806215b80"},
    {file = "django_filter-25.1.tar.gz", hash = "sha256:1ec9eef48fa8da1c0ac9b411744b16c3f4c31176c867886e4c48da369c407153"},
]

[[package]]
name = "django-money"
version = "3.5.4"
requires_python = ">=3.7"
summary = "Adds support for using money and currency fields in django models and forms. Uses py-moneyed as the money implementation."
groups = ["default"]
dependencies = [
    "Django>=2.2",
    "py-moneyed<3.1,>=2.0",
    "setuptools",
]
files = [
    {file = "django_money-3.5.4-py3-none-any.whl", hash = "sha256:628b3afb6671edc2cbd26743d858c31d3b99a735357f7acb6a399ab3ab008d2b"},
    {file = "django_money-3.5.4.tar.gz", hash = "sha256:25933ed6177f8dc981114db813c7c5d36c7c89bc4017f2b1b2bb0209b5f68876"},
]

[[package]]
name = "django-simple-history"
version = "3.10.1"
requires_python = ">=3.9"
summary = "Store model history and view/revert changes from admin site."
groups = ["default"]
dependencies = [
    "django>=4.2",
]
files = [
    {file = "django_simple_history-3.10.1-py3-none-any.whl", hash = "sha256:e12c27abfcd7e801a9d274d94542549ce8c617b0b384ae69afb161b56cd02ba4"},
    {file = "django_simple_history-3.10.1.tar.gz", hash = "sha256:040f0c2286bed730312aa15f0acee9e7e6f839c4bcd721693251aa7ec5b65d95"},
]

[[package]]
name = "django-tenants"
version = "3.9.0"
requires_python = ">=3.8"
summary = "Tenant support for Django using PostgreSQL schemas."
groups = ["default"]
dependencies = [
    "django<6,>=2.1",
]
files = [
    {file = "django_tenants-3.9.0-py3-none-any.whl", hash = "sha256:14421088a4336444e2c4af54f21a6af2e57e53dcf95ba5d19b5fa17142cb460b"},
    {file = "django_tenants-3.9.0.tar.gz", hash = "sha256:6bc67c26be57f412e47c476261a977ef0ef74ec3740d50fd1eb6b69cb072eb03"},
]

[[package]]
name = "djangorestframework"
version = "3.16.1"
requires_python = ">=3.9"
summary = "Web APIs for Django, made easy."
groups = ["default"]
dependencies = [
    "django>=4.2",
]
files = [
    {file = "djangorestframework-3.16.1-py3-none-any.whl", hash = "sha256:33a59f47fb9c85ede792cbf88bde71893bcda0667bc573f784649521f1102cec"},
    {file = "djangorestframework-3.16.1.tar.gz", hash = "sha256:166809528b1aced0a17dc66c24492af18049f2c9420dbd0be29422029cfc3ff7"},
]

[[package]]
name = "djangorestframework-simplejwt"
version = "5.5.1"
requires_python = ">=3.9"
summary = "A minimal JSON Web Token authentication plugin for Django REST Framework"
groups = ["default"]
dependencies = [
    "django>=4.2",
    "djangorestframework>=3.14",
    "pyjwt>=1.7.1",
]
files = [
    {file = "djangorestframework_simplejwt-5.5.1-py3-none-any.whl", hash = "sha256:2c30f3707053d384e9f315d11c2daccfcb548d4faa453111ca19a542b732e469"},
    {file = "djangorestframework_simplejwt-5.5.1.tar.gz", hash = "sha256:e72c5572f51d7803021288e2057afcbd03f17fe11d484096f40a460abc76e87f"},
]

[[package]]
name = "drf-spectacular"
version = "0.28.0"
requires_python = ">=3.7"
summary = "Sane and flexible OpenAPI 3 schema generation for Django REST framework"
groups = ["default"]
dependencies = [
    "Django>=2.2",
    "PyYAML>=5.1",
    "djangorestframework>=3.10.3",
    "inflection>=0.3.1",
    "jsonschema>=2.6.0",
    "typing-extensions; python_version < \"3.10\"",
    "uritemplate>=2.0.0",
]
files = [
    {file = "drf_spectacular-0.28.0-py3-none-any.whl", hash = "sha256:856e7edf1056e49a4245e87a61e8da4baff46c83dbc25be1da2df77f354c7cb4"},
    {file = "drf_spectacular-0.28.0.tar.gz", hash = "sha256:2c778a47a40ab2f5078a7c42e82baba07397bb35b074ae4680721b2805943061"},
]

[[package]]
name = "drf-spectacular-sidecar"
version = "2025.9.1"
requires_python = ">=3.6"
summary = "Serve self-contained distribution builds of Swagger UI and Redoc with Django"
groups = ["default"]
dependencies = [
    "Django>=2.2",
]
files = [
    {file = "drf_spectacular_sidecar-2025.9.1-py3-none-any.whl", hash = "sha256:8e80625209b8a23ff27616db305b9ab71c2e2d1069dacd99720a9c11e429af50"},
    {file = "drf_spectacular_sidecar-2025.9.1.tar.gz", hash = "sha256:da2aa45da48fff76de7a1e357b84d1eb0b9df40ca89ec19d5fe94ad1037bb3c8"},
]

[[package]]
name = "idna"
version = "3.10"
requires_python = ">=3.6"
summary = "Internationalized Domain Names in Applications (IDNA)"
groups = ["default"]
files = [
    {file = "idna-3.10-py3-none-any.whl", hash = "sha256:946d195a0d259cbba61165e88e65941f16e9b36ea6ddb97f00452bae8b1287d3"},
    {file = "idna-3.10.tar.gz", hash = "sha256:12f65c9b470abda6dc35cf8e63cc574b1c52b11df2c86030af0ac09b01b13ea9"},
]

[[package]]
name = "inflection"
version = "0.5.1"
requires_python = ">=3.5"
summary = "A port of Ruby on Rails inflector to Python"
groups = ["default"]
files = [
    {file = "inflection-0.5.1-py2.py3-none-any.whl", hash = "sha256:f38b2b640938a4f35ade69ac3d053042959b62a0f1076a5bbaa1b9526605a8a2"},
    {file = "inflection-0.5.1.tar.gz", hash = "sha256:1a29730d366e996aaacffb2f1f1cb9593dc38e2ddd30c91250c6dde09ea9b417"},
]

[[package]]
name = "jsonschema"
version = "4.25.1"
requires_python = ">=3.9"
summary = "An implementation of JSON Schema validation for Python"
groups = ["default"]
dependencies = [
    "attrs>=22.2.0",
    "jsonschema-specifications>=2023.03.6",
    "referencing>=0.28.4",
    "rpds-py>=0.7.1",
]
files = [
    {file = "jsonschema-4.25.1-py3-none-any.whl", hash = "sha256:3fba0169e345c7175110351d456342c364814cfcf3b964ba4587f22915230a63"},
    {file = "jsonschema-4.25.1.tar.gz", hash = "sha256:e4a9655ce0da0c0b67a085847e00a3a51449e1157f4f75e9fb5aa545e122eb85"},
]

[[package]]
name = "jsonschema-specifications"
version = "2025.9.1"
requires_python = ">=3.9"
summary = "The JSON Schema meta-schemas and vocabularies, exposed as a Registry"
groups = ["default"]
dependencies = [
    "referencing>=0.31.0",
]
files = [
    {file = "jsonschema_specifications-2025.9.1-py3-none-any.whl", hash = "sha256:98802fee3a11ee76ecaca44429fda8a41bff98b00a0f2838151b113f210cc6fe"},
    {file = "jsonschema_specifications-2025.9.1.tar.gz", hash = "sha256:b540987f239e745613c7a9176f3edb72b832a4ac465cf02712288397832b5e8d"},
]

[[package]]
name = "paypalrestsdk"
version = "1.13.3"
summary = "Deprecated"
groups = ["default"]
dependencies = [
    "pyopenssl>=0.15",
    "requests>=1.0.0",
    "six>=1.0.0",
]
files = [
    {file = "paypalrestsdk-1.13.3-py3-none-any.whl", hash = "sha256:a3f51616ee8f6d975a5a5a8c2049db63653c843479c8fdd71c9d588a31e14560"},
    {file = "paypalrestsdk-1.13.3.tar.gz", hash = "sha256:dac236492a9ac1260a760014a2e56ab38b09d8143295b5e896545359b61fedd6"},
]

[[package]]
name = "pillow"
version = "11.3.0"
requires_python = ">=3.9"
summary = "Python Imaging Library (Fork)"
groups = ["default"]
files = [
    {file = "pillow-11.3.0-cp314-cp314-macosx_10_13_x86_64.whl", hash = "sha256:d9da3df5f9ea2a89b81bb6087177fb1f4d1c7146d583a3fe5c672c0d94e55e12"},
    {file = "pillow-11.3.0-cp314-cp314-macosx_11_0_arm64.whl", hash = "sha256:0b275ff9b04df7b640c59ec5a3cb113eefd3795a8df80bac69646ef699c6981a"},
    {file = "pillow-11.3.0-cp314-cp314-manylinux2014_aarch64.manylinux_2_17_aarch64.whl", hash = "sha256:0743841cabd3dba6a83f38a92672cccbd69af56e3e91777b0ee7f4dba4385632"},
    {file = "pillow-11.3.0-cp314-cp314-manylinux2014_x86_64.manylinux_2_17_x86_64.whl", hash = "sha256:2465a69cf967b8b49ee1b96d76718cd98c4e925414ead59fdf75cf0fd07df673"},
    {file = "pillow-11.3.0-cp314-cp314-manylinux_2_27_aarch64.manylinux_2_28_aarch64.whl", hash = "sha256:41742638139424703b4d01665b807c6468e23e699e8e90cffefe291c5832b027"},
    {file = "pillow-11.3.0-cp314-cp314-manylinux_2_27_x86_64.manylinux_2_28_x86_64.whl", hash = "sha256:93efb0b4de7e340d99057415c749175e24c8864302369e05914682ba642e5d77"},
    {file = "pillow-11.3.0-cp314-cp314-musllinux_1_2_aarch64.whl", hash = "sha256:7966e38dcd0fa11ca390aed7c6f20454443581d758242023cf36fcb319b1a874"},
    {file = "pillow-11.3.0-cp314-cp314-musllinux_1_2_x86_64.whl", hash = "sha256:98a9afa7b9007c67ed84c57c9e0ad86a6000da96eaa638e4f8abe5b65ff83f0a"},
    {file = "pillow-11.3.0-cp314-cp314-win32.whl", hash = "sha256:02a723e6bf909e7cea0dac1b0e0310be9d7650cd66222a5f1c571455c0a45214"},
    {file = "pillow-11.3.0-cp314-cp314-win_amd64.whl", hash = "sha256:a418486160228f64dd9e9efcd132679b7a02a5f22c982c78b6fc7dab3fefb635"},
    {file = "pillow-11.3.0-cp314-cp314-win_arm64.whl", hash = "sha256:155658efb5e044669c08896c0c44231c5e9abcaadbc5cd3648df2f7c0b96b9a6"},
    {file = "pillow-11.3.0-cp314-cp314t-macosx_10_13_x86_64.whl", hash = "sha256:59a03cdf019efbfeeed910bf79c7c93255c3d54bc45898ac2a4140071b02b4ae"},
    {file = "pillow-11.3.0-cp314-cp314t-macosx_11_0_arm64.whl", hash = "sha256:f8a5827f84d973d8636e9dc5764af4f0cf2318d26744b3d902931701b0d46653"},
    {file = "pillow-11.3.0-cp314-cp314t-manylinux2014_aarch64.manylinux_2_17_aarch64.whl", hash = "sha256:ee92f2fd10f4adc4b43d07ec5e779932b4eb3dbfbc34790ada5a6669bc095aa6"},
    {file = "pillow-11.3.0-cp314-cp314t-manylinux2014_x86_64.manylinux_2_17_x86_64.whl", hash = "sha256:c96d333dcf42d01f47b37e0979b6bd73ec91eae18614864622d9b87bbd5bbf36"},
    {file = "pillow-11.3.0-cp314-cp314t-manylinux_2_27_aarch64.manylinux_2_28_aarch64.whl", hash = "sha256:4c96f993ab8c98460cd0c001447bff6194403e8b1d7e149ade5f00594918128b"},
    {file = "pillow-11.3.0-cp314-cp314t-manylinux_2_27_x86_64.manylinux_2_28_x86_64.whl", hash = "sha256:41342b64afeba938edb034d122b2dda5db2139b9a4af999729ba8818e0056477"},
    {file = "pillow-11.3.0-cp314-cp314t-musllinux_1_2_aarch64.whl", hash = "sha256:068d9c39a2d1b358eb9f245ce7ab1b5c3246c7c8c7d9ba58cfa5b43146c06e50"},
    {file = "pillow-11.3.0-cp314-cp314t-musllinux_1_2_x86_64.whl", hash = "sha256:a1bc6ba083b145187f648b667e05a2534ecc4b9f2784c2cbe3089e44868f2b9b"},
    {file = "pillow-11.3.0-cp314-cp314t-win32.whl", hash = "sha256:118ca10c0d60b06d006be10a501fd6bbdfef559251ed31b794668ed569c87e12"},
    {file = "pillow-11.3.0-cp314-cp314t-win_amd64.whl", hash = "sha256:8924748b688aa210d79883357d102cd64690e56b923a186f35a82cbc10f997db"},
    {file = "pillow-11.3.0-cp314-cp314t-win_arm64.whl", hash = "sha256:79ea0d14d3ebad43ec77ad5272e6ff9bba5b679ef73375ea760261207fa8e0aa"},
    {file = "pillow-11.3.0.tar.gz", hash = "sha256:3828ee7586cd0b2091b6209e5ad53e20d0649bbe87164a459d0676e035e8f523"},
]

[[package]]
name = "psycopg2"
version = "2.9.11"
requires_python = ">=3.9"
summary = "psycopg2 - Python-PostgreSQL Database Adapter"
groups = ["default"]
files = [
    {file = "psycopg2-2.9.11-cp314-cp314-win_amd64.whl", hash = "sha256:f10a48acba5fe6e312b891f290b4d2ca595fc9a06850fe53320beac353575578"},
    {file = "psycopg2-2.9.11.tar.gz", hash = "sha256:964d31caf728e217c697ff77ea69c2ba0865fa41ec20bb00f0977e62fdcc52e3"},
]

[[package]]
name = "psycopg2-binary"
version = "2.9.10"
requires_python = ">=3.8"
summary = "psycopg2 - Python-PostgreSQL Database Adapter"
groups = ["default"]
files = [
    {file = "psycopg2-binary-2.9.10.tar.gz", hash = "sha256:4b3df0e6990aa98acda57d983942eff13d824135fe2250e6522edaa782a06de2"},
]

[[package]]
name = "py-moneyed"
version = "3.0"
requires_python = ">=3.7"
summary = "Provides Currency and Money classes for use in your Python code."
groups = ["default"]
dependencies = [
    "babel>=2.8.0",
    "typing-extensions>=3.7.4.3",
]
files = [
    {file = "py-moneyed-3.0.tar.gz", hash = "sha256:4906f0f02cf2b91edba2e156f2d4e9a78f224059ab8c8fa2ff26230c75d894e8"},
    {file = "py_moneyed-3.0-py3-none-any.whl", hash = "sha256:9583a14f99c05b46196193d8185206e9b73c8439fc8a5eee9cfc7e733676d9bb"},
]

[[package]]
name = "pycparser"
version = "2.23"
requires_python = ">=3.8"
summary = "C parser in Python"
groups = ["default"]
files = [
    {file = "pycparser-2.23-py3-none-any.whl", hash = "sha256:e5c6e8d3fbad53479cab09ac03729e0a9faf2bee3db8208a550daf5af81a5934"},
    {file = "pycparser-2.23.tar.gz", hash = "sha256:78816d4f24add8f10a06d6f05b4d424ad9e96cfebf68a4ddc99c65c0720d00c2"},
]

[[package]]
name = "pyjwt"
version = "2.10.1"
requires_python = ">=3.9"
summary = "JSON Web Token implementation in Python"
groups = ["default"]
files = [
    {file = "PyJWT-2.10.1-py3-none-any.whl", hash = "sha256:dcdd193e30abefd5debf142f9adfcdd2b58004e644f25406ffaebd50bd98dacb"},
    {file = "pyjwt-2.10.1.tar.gz", hash = "sha256:3cc5772eb20009233caf06e9d8a0577824723b44e6648ee0a2aedb6cf9381953"},
]

[[package]]
name = "pyopenssl"
version = "25.3.0"
requires_python = ">=3.7"
summary = "Python wrapper module around the OpenSSL library"
groups = ["default"]
dependencies = [
    "cryptography<47,>=45.0.7",
    "typing-extensions>=4.9; python_version < \"3.13\" and python_version >= \"3.8\"",
]
files = [
    {file = "pyopenssl-25.3.0-py3-none-any.whl", hash = "sha256:1fda6fc034d5e3d179d39e59c1895c9faeaf40a79de5fc4cbbfbe0d36f4a77b6"},
    {file = "pyopenssl-25.3.0.tar.gz", hash = "sha256:c981cb0a3fd84e8602d7afc209522773b94c1c2446a3c710a75b06fe1beae329"},
]

[[package]]
name = "python-dateutil"
version = "2.9.0.post0"
requires_python = "!=3.0.*,!=3.1.*,!=3.2.*,>=2.7"
summary = "Extensions to the standard Python datetime module"
groups = ["default"]
dependencies = [
    "six>=1.5",
]
files = [
    {file = "python-dateutil-2.9.0.post0.tar.gz", hash = "sha256:37dd54208da7e1cd875388217d5e00ebd4179249f90fb72437e91a35459a0ad3"},
    {file = "python_dateutil-2.9.0.post0-py2.py3-none-any.whl", hash = "sha256:a8b2bc7bffae282281c8140a97d3aa9c14da0b136dfe83f850eea9a5f7470427"},
]

[[package]]
name = "python-decouple"
version = "3.8"
summary = "Strict separation of settings from code."
groups = ["default"]
files = [
    {file = "python-decouple-3.8.tar.gz", hash = "sha256:ba6e2657d4f376ecc46f77a3a615e058d93ba5e465c01bbe57289bfb7cce680f"},
    {file = "python_decouple-3.8-py3-none-any.whl", hash = "sha256:d0d45340815b25f4de59c974b855bb38d03151d81b037d9e3f463b0c9f8cbd66"},
]

[[package]]
name = "python-slugify"
version = "8.0.4"
requires_python = ">=3.7"
summary = "A Python slugify application that also handles Unicode"
groups = ["default"]
dependencies = [
    "text-unidecode>=1.3",
]
files = [
    {file = "python-slugify-8.0.4.tar.gz", hash = "sha256:59202371d1d05b54a9e7720c5e038f928f45daaffe41dd10822f3907b937c856"},
    {file = "python_slugify-8.0.4-py2.py3-none-any.whl", hash = "sha256:276540b79961052b66b7d116620b36518847f52d5fd9e3a70164fc8c50faa6b8"},
]

[[package]]
name = "pyyaml"
version = "6.0.3"
requires_python = ">=3.8"
summary = "YAML parser and emitter for Python"
groups = ["default"]
files = [
    {file = "pyyaml-6.0.3-cp314-cp314-macosx_10_13_x86_64.whl", hash = "sha256:8d1fab6bb153a416f9aeb4b8763bc0f22a5586065f86f7664fc23339fc1c1fac"},
    {file = "pyyaml-6.0.3-cp314-cp314-macosx_11_0_arm64.whl", hash = "sha256:34d5fcd24b8445fadc33f9cf348c1047101756fd760b4dacb5c3e99755703310"},
    {file = "pyyaml-6.0.3-cp314-cp314-manylinux2014_aarch64.manylinux_2_17_aarch64.manylinux_2_28_aarch64.whl", hash = "sha256:501a031947e3a9025ed4405a168e6ef5ae3126c59f90ce0cd6f2bfc477be31b7"},
    {file = "pyyaml-6.0.3-cp314-cp314-manylinux2014_s390x.manylinux_2_17_s390x.manylinux_2_28_s390x.whl", hash = "sha256:b3bc83488de33889877a0f2543ade9f70c67d66d9ebb4ac959502e12de895788"},
    {file = "pyyaml-6.0.3-cp314-cp314-manylinux2014_x86_64.manylinux_2_17_x86_64.manylinux_2_28_x86_64.whl", hash = "sha256:c458b6d084f9b935061bc36216e8a69a7e293a2f1e68bf956dcd9e6cbcd143f5"},
    {file = "pyyaml-6.0.3-cp314-cp314-musllinux_1_2_aarch64.whl", hash = "sha256:7c6610def4f163542a622a73fb39f534f8c101d690126992300bf3207eab9764"},
    {file = "pyyaml-6.0.3-cp314-cp314-musllinux_1_2_x86_64.whl", hash = "sha256:5190d403f121660ce8d1d2c1bb2ef1bd05b5f68533fc5c2ea899bd15f4399b35"},
    {file = "pyyaml-6.0.3-cp314-cp314-win_amd64.whl", hash = "sha256:4a2e8cebe2ff6ab7d1050ecd59c25d4c8bd7e6f400f5f82b96557ac0abafd0ac"},
    {file = "pyyaml-6.0.3-cp314-cp314-win_arm64.whl", hash = "sha256:93dda82c9c22deb0a405ea4dc5f2d0cda384168e466364dec6255b293923b2f3"},
    {file = "pyyaml-6.0.3-cp314-cp314t-macosx_10_13_x86_64.whl", hash = "sha256:02893d100e99e03eda1c8fd5c441d8c60103fd175728e23e431db1b589cf5ab3"},
    {file = "pyyaml-6.0.3-cp314-cp314t-macosx_11_0_arm64.whl", hash = "sha256:c1ff362665ae507275af2853520967820d9124984e0f7466736aea23d8611fba"},
    {file = "pyyaml-6.0.3-cp314-cp314t-manylinux2014_aarch64.manylinux_2_17_aarch64.manylinux_2_28_aarch64.whl", hash = "sha256:6adc77889b628398debc7b65c073bcb99c4a0237b248cacaf3fe8a557563ef6c"},
    {file = "pyyaml-6.0.3-cp314-cp314t-manylinux2014_s390x.manylinux_2_17_s390x.manylinux_2_28_s390x.whl", hash = "sha256:a80cb027f6b349846a3bf6d73b5e95e782175e52f22108cfa17876aaeff93702"},
    {file = "pyyaml-6.0.3-cp314-cp314t-manylinux2014_x86_64.manylinux_2_17_x86_64.manylinux_2_28_x86_64.whl", hash = "sha256:00c4bdeba853cc34e7dd471f16b4114f4162dc03e6b7afcc2128711f0eca823c"},
    {file = "pyyaml-6.0.3-cp314-cp314t-musllinux_1_2_aarch64.whl", hash = "sha256:66e1674c3ef6f541c35191caae2d429b967b99e02040f5ba928632d9a7f0f065"},
    {file = "pyyaml-6.0.3-cp314-cp314t-musllinux_1_2_x86_64.whl", hash = "sha256:16249ee61e95f858e83976573de0f5b2893b3677ba71c9dd36b9cf8be9ac6d65"},
    {file = "pyyaml-6.0.3-cp314-cp314t-win_amd64.whl", hash = "sha256:4ad1906908f2f5ae4e5a8ddfce73c320c2a1429ec52eafd27138b7f1cbe341c9"},
    {file = "pyyaml-6.0.3-cp314-cp314t-win_arm64.whl", hash = "sha256:ebc55a14a21cb14062aa4162f906cd962b28e2e9ea38f9b4391244cd8de4ae0b"},
    {file = "pyyaml-6.0.3.tar.gz", hash = "sha256:d76623373421df22fb4cf8817020cbb7ef15c725b9d5e45f17e189bfc384190f"},
]

[[package]]
name = "referencing"
version = "0.36.2"
requires_python = ">=3.9"
summary = "JSON Referencing + Python"
groups = ["default"]
dependencies = [
    "attrs>=22.2.0",
    "rpds-py>=0.7.0",
    "typing-extensions>=4.4.0; python_version < \"3.13\"",
]
files = [
    {file = "referencing-0.36.2-py3-none-any.whl", hash = "sha256:e8699adbbf8b5c7de96d8ffa0eb5c158b3beafce084968e2ea8bb08c6794dcd0"},
    {file = "referencing-0.36.2.tar.gz", hash = "sha256:df2e89862cd09deabbdba16944cc3f10feb6b3e6f18e902f7cc25609a34775aa"},
]

[[package]]
name = "requests"
version = "2.32.5"
requires_python = ">=3.9"
summary = "Python HTTP for Humans."
groups = ["default"]
dependencies = [
    "certifi>=2017.4.17",
    "charset-normalizer<4,>=2",
    "idna<4,>=2.5",
    "urllib3<3,>=1.21.1",
]
files = [
    {file = "requests-2.32.5-py3-none-any.whl", hash = "sha256:2462f94637a34fd532264295e186976db0f5d453d1cdd31473c85a6a161affb6"},
    {file = "requests-2.32.5.tar.gz", hash = "sha256:dbba0bac56e100853db0ea71b82b4dfd5fe2bf6d3754a8893c3af500cec7d7cf"},
]

[[package]]
name = "rpds-py"
version = "0.27.1"
requires_python = ">=3.9"
summary = "Python bindings to Rust's persistent data structures (rpds)"
groups = ["default"]
files = [
    {file = "rpds_py-0.27.1-cp314-cp314-macosx_10_12_x86_64.whl", hash = "sha256:acb9aafccaae278f449d9c713b64a9e68662e7799dbd5859e2c6b3c67b56d334"},
    {file = "rpds_py-0.27.1-cp314-cp314-macosx_11_0_arm64.whl", hash = "sha256:b7fb801aa7f845ddf601c49630deeeccde7ce10065561d92729bfe81bd21fb33"},
    {file = "rpds_py-0.27.1-cp314-cp314-manylinux_2_17_aarch64.manylinux2014_aarch64.whl", hash = "sha256:fe0dd05afb46597b9a2e11c351e5e4283c741237e7f617ffb3252780cca9336a"},
    {file = "rpds_py-0.27.1-cp314-cp314-manylinux_2_17_armv7l.manylinux2014_armv7l.whl", hash = "sha256:b6dfb0e058adb12d8b1d1b25f686e94ffa65d9995a5157afe99743bf7369d62b"},
    {file = "rpds_py-0.27.1-cp314-cp314-manylinux_2_17_ppc64le.manylinux2014_ppc64le.whl", hash = "sha256:ed090ccd235f6fa8bb5861684567f0a83e04f52dfc2e5c05f2e4b1309fcf85e7"},
    {file = "rpds_py-0.27.1-cp314-cp314-manylinux_2_17_s390x.manylinux2014_s390x.whl", hash = "sha256:bf876e79763eecf3e7356f157540d6a093cef395b65514f17a356f62af6cc136"},
    {file = "rpds_py-0.27.1-cp314-cp314-manylinux_2_17_x86_64.manylinux2014_x86_64.whl", hash = "sha256:12ed005216a51b1d6e2b02a7bd31885fe317e45897de81d86dcce7d74618ffff"},
    {file = "rpds_py-0.27.1-cp314-cp314-manylinux_2_31_riscv64.whl", hash = "sha256:ee4308f409a40e50593c7e3bb8cbe0b4d4c66d1674a316324f0c2f5383b486f9"},
    {file = "rpds_py-0.27.1-cp314-cp314-manylinux_2_5_i686.manylinux1_i686.whl", hash = "sha256:0b08d152555acf1f455154d498ca855618c1378ec810646fcd7c76416ac6dc60"},
    {file = "rpds_py-0.27.1-cp314-cp314-musllinux_1_2_aarch64.whl", hash = "sha256:dce51c828941973a5684d458214d3a36fcd28da3e1875d659388f4f9f12cc33e"},
    {file = "rpds_py-0.27.1-cp314-cp314-musllinux_1_2_i686.whl", hash = "sha256:c1476d6f29eb81aa4151c9a31219b03f1f798dc43d8af1250a870735516a1212"},
    {file = "rpds_py-0.27.1-cp314-cp314-musllinux_1_2_x86_64.whl", hash = "sha256:3ce0cac322b0d69b63c9cdb895ee1b65805ec9ffad37639f291dd79467bee675"},
    {file = "rpds_py-0.27.1-cp314-cp314-win32.whl", hash = "sha256:dfbfac137d2a3d0725758cd141f878bf4329ba25e34979797c89474a89a8a3a3"},
    {file = "rpds_py-0.27.1-cp314-cp314-win_amd64.whl", hash = "sha256:a6e57b0abfe7cc513450fcf529eb486b6e4d3f8aee83e92eb5f1ef848218d456"},
    {file = "rpds_py-0.27.1-cp314-cp314-win_arm64.whl", hash = "sha256:faf8d146f3d476abfee026c4ae3bdd9ca14236ae4e4c310cbd1cf75ba33d24a3"},
    {file = "rpds_py-0.27.1-cp314-cp314t-macosx_10_12_x86_64.whl", hash = "sha256:ba81d2b56b6d4911ce735aad0a1d4495e808b8ee4dc58715998741a26874e7c2"},
    {file = "rpds_py-0.27.1-cp314-cp314t-macosx_11_0_arm64.whl", hash = "sha256:84f7d509870098de0e864cad0102711c1e24e9b1a50ee713b65928adb22269e4"},
    {file = "rpds_py-0.27.1-cp314-cp314t-manylinux_2_17_aarch64.manylinux2014_aarch64.whl", hash = "sha256:a9e960fc78fecd1100539f14132425e1d5fe44ecb9239f8f27f079962021523e"},
    {file = "rpds_py-0.27.1-cp314-cp314t-manylinux_2_17_armv7l.manylinux2014_armv7l.whl", hash = "sha256:62f85b665cedab1a503747617393573995dac4600ff51869d69ad2f39eb5e817"},
    {file = "rpds_py-0.27.1-cp314-cp314t-manylinux_2_17_ppc64le.manylinux2014_ppc64le.whl", hash = "sha256:fed467af29776f6556250c9ed85ea5a4dd121ab56a5f8b206e3e7a4c551e48ec"},
    {file = "rpds_py-0.27.1-cp314-cp314t-manylinux_2_17_s390x.manylinux2014_s390x.whl", hash = "sha256:f2729615f9d430af0ae6b36cf042cb55c0936408d543fb691e1a9e36648fd35a"},
    {file = "rpds_py-0.27.1-cp314-cp314t-manylinux_2_17_x86_64.manylinux2014_x86_64.whl", hash = "sha256:1b207d881a9aef7ba753d69c123a35d96ca7cb808056998f6b9e8747321f03b8"},
    {file = "rpds_py-0.27.1-cp314-cp314t-manylinux_2_31_riscv64.whl", hash = "sha256:639fd5efec029f99b79ae47e5d7e00ad8a773da899b6309f6786ecaf22948c48"},
    {file = "rpds_py-0.27.1-cp314-cp314t-manylinux_2_5_i686.manylinux1_i686.whl", hash = "sha256:fecc80cb2a90e28af8a9b366edacf33d7a91cbfe4c2c4544ea1246e949cfebeb"},
    {file = "rpds_py-0.27.1-cp314-cp314t-musllinux_1_2_aarch64.whl", hash = "sha256:42a89282d711711d0a62d6f57d81aa43a1368686c45bc1c46b7f079d55692734"},
    {file = "rpds_py-0.27.1-cp314-cp314t-musllinux_1_2_i686.whl", hash = "sha256:cf9931f14223de59551ab9d38ed18d92f14f055a5f78c1d8ad6493f735021bbb"},
    {file = "rpds_py-0.27.1-cp314-cp314t-musllinux_1_2_x86_64.whl", hash = "sha256:f39f58a27cc6e59f432b568ed8429c7e1641324fbe38131de852cd77b2d534b0"},
    {file = "rpds_py-0.27.1-cp314-cp314t-win32.whl", hash = "sha256:d5fa0ee122dc09e23607a28e6d7b150da16c662e66409bbe85230e4c85bb528a"},
    {file = "rpds_py-0.27.1-cp314-cp314t-win_amd64.whl", hash = "sha256:6567d2bb951e21232c2f660c24cf3470bb96de56cdcb3f071a83feeaff8a2772"},
    {file = "rpds_py-0.27.1.tar.gz", hash = "sha256:26a1c73171d10b7acccbded82bf6a586ab8203601e565badc74bbbf8bc5a10f8"},
]

[[package]]
name = "setuptools"
version = "80.9.0"
requires_python = ">=3.9"
summary = "Easily download, build, install, upgrade, and uninstall Python packages"
groups = ["default"]
files = [
    {file = "setuptools-80.9.0-py3-none-any.whl", hash = "sha256:062d34222ad13e0cc312a4c02d73f059e86a4acbfbdea8f8f76b28c99f306922"},
    {file = "setuptools-80.9.0.tar.gz", hash = "sha256:f36b47402ecde768dbfafc46e8e4207b4360c654f1f3bb84475f0a28628fb19c"},
]

[[package]]
name = "six"
version = "1.17.0"
requires_python = "!=3.0.*,!=3.1.*,!=3.2.*,>=2.7"
summary = "Python 2 and 3 compatibility utilities"
groups = ["default"]
files = [
    {file = "six-1.17.0-py2.py3-none-any.whl", hash = "sha256:4721f391ed90541fddacab5acf947aa0d3dc7d27b2e1e8eda2be8970586c3274"},
    {file = "six-1.17.0.tar.gz", hash = "sha256:ff70335d468e7eb6ec65b95b99d3a2836546063f63acc5171de367e834932a81"},
]

[[package]]
name = "sqlparse"
version = "0.5.3"
requires_python = ">=3.8"
summary = "A non-validating SQL parser."
groups = ["default"]
files = [
    {file = "sqlparse-0.5.3-py3-none-any.whl", hash = "sha256:cf2196ed3418f3ba5de6af7e82c694a9fbdbfecccdfc72e281548517081f16ca"},
    {file = "sqlparse-0.5.3.tar.gz", hash = "sha256:09f67787f56a0b16ecdbde1bfc7f5d9c3371ca683cfeaa8e6ff60b4807ec9272"},
]

[[package]]
name = "text-unidecode"
version = "1.3"
summary = "The most basic Text::Unidecode port"
groups = ["default"]
files = [
    {file = "text-unidecode-1.3.tar.gz", hash = "sha256:bad6603bb14d279193107714b288be206cac565dfa49aa5b105294dd5c4aab93"},
    {file = "text_unidecode-1.3-py2.py3-none-any.whl", hash = "sha256:1311f10e8b895935241623731c2ba64f4c455287888b18189350b67134a822e8"},
]

[[package]]
name = "typing-extensions"
version = "4.15.0"
requires_python = ">=3.9"
summary = "Backported and Experimental Type Hints for Python 3.9+"
groups = ["default"]
files = [
    {file = "typing_extensions-4.15.0-py3-none-any.whl", hash = "sha256:f0fa19c6845758ab08074a0cfa8b7aecb71c999ca73d62883bc25cc018c4e548"},
    {file = "typing_extensions-4.15.0.tar.gz", hash = "sha256:0cea48d173cc12fa28ecabc3b837ea3cf6f38c6d1136f85cbaaf598984861466"},
]

[[package]]
name = "tzdata"
version = "2025.2"
requires_python = ">=2"
summary = "Provider of IANA time zone data"
groups = ["default"]
marker = "sys_platform == \"win32\""
files = [
    {file = "tzdata-2025.2-py2.py3-none-any.whl", hash = "sha256:1a403fada01ff9221ca8044d701868fa132215d84beb92242d9acd2147f667a8"},
    {file = "tzdata-2025.2.tar.gz", hash = "sha256:b60a638fcc0daffadf82fe0f57e53d06bdec2f36c4df66280ae79bce6bd6f2b9"},
]

[[package]]
name = "uritemplate"
version = "4.2.0"
requires_python = ">=3.9"
summary = "Implementation of RFC 6570 URI Templates"
groups = ["default"]
files = [
    {file = "uritemplate-4.2.0-py3-none-any.whl", hash = "sha256:962201ba1c4edcab02e60f9a0d3821e82dfc5d2d6662a21abd533879bdb8a686"},
    {file = "uritemplate-4.2.0.tar.gz", hash = "sha256:480c2ed180878955863323eea31b0ede668795de182617fef9c6ca09e6ec9d0e"},
]

[[package]]
name = "urllib3"
version = "2.5.0"
requires_python = ">=3.9"
summary = "HTTP library with thread-safe connection pooling, file post, and more."
groups = ["default"]
files = [
    {file = "urllib3-2.5.0-py3-none-any.whl", hash = "sha256:e6b01673c0fa6a13e374b50871808eb3bf7046c4b125b216f6bf1cc604cff0dc"},
    {file = "urllib3-2.5.0.tar.gz", hash = "sha256:3fc47733c7e419d4bc3f6b3dc2b4f890bb743906a30d56ba4a5bfa4bbff92760"},
]

[[package]]
name = "whitenoise"
version = "6.11.0"
requires_python = ">=3.9"
summary = "Radically simplified static file serving for WSGI applications"
groups = ["default"]
files = [
    {file = "whitenoise-6.11.0-py3-none-any.whl", hash = "sha256:b2aeb45950597236f53b5342b3121c5de69c8da0109362aee506ce88e022d258"},
    {file = "whitenoise-6.11.0.tar.gz", hash = "sha256:0f5bfce6061ae6611cd9396a8231e088722e4fc67bc13a111be74c738d99375f"},
]
